
Microsoft Visual Studio Solution File, Format Version 12.00
# Visual Studio Version 17
VisualStudioVersion = 17.0.31813.321
MinimumVisualStudioVersion = 10.0.40219.1
Project("{9A19103F-16F7-4668-BE54-9A1E7A4F7556}") = "Microsoft.StandardUI", "src\Microsoft.StandardUI\Microsoft.StandardUI.csproj", "{752F4208-8318-4C57-9868-9921FF743AA9}"
EndProject
Project("{9A19103F-16F7-4668-BE54-9A1E7A4F7556}") = "Microsoft.StandardUI.CommandLineSourceGenerator", "src\Microsoft.StandardUI.CommandLineSourceGenerator\Microsoft.StandardUI.CommandLineSourceGenerator.csproj", "{740943F5-2E99-4ED4-9022-BC14F480C3F8}"
EndProject
Project("{9A19103F-16F7-4668-BE54-9A1E7A4F7556}") = "Microsoft.StandardUI.Wpf", "src\Microsoft.StandardUI.Wpf\Microsoft.StandardUI.Wpf.csproj", "{4C2D11BC-2E5C-4761-BBD1-0038BC8D6613}"
EndProject
Project("{2150E333-8FDC-42A3-9474-1A3956D46DE8}") = "samples", "samples", "{9B71283D-A4A6-480E-9A9B-AD446F08CCC5}"
EndProject
Project("{9A19103F-16F7-4668-BE54-9A1E7A4F7556}") = "Microsoft.StandardUI.SkiaVisualFramework", "src\Microsoft.StandardUI.SkiaVisualFramework\Microsoft.StandardUI.SkiaVisualFramework.csproj", "{7B85BF7F-1265-4A34-9865-A371FB3D71F8}"
EndProject
Project("{9A19103F-16F7-4668-BE54-9A1E7A4F7556}") = "Microsoft.StandardUI.SourceGenerator", "src\Microsoft.StandardUI.SourceGenerator\Microsoft.StandardUI.SourceGenerator.csproj", "{26E564DA-4315-44EF-B287-A9B3BC87BF1C}"
EndProject
Project("{2150E333-8FDC-42A3-9474-1A3956D46DE8}") = "controls", "controls", "{9FA8F699-79F5-48DB-A2D9-717CE875C5F0}"
EndProject
Project("{9A19103F-16F7-4668-BE54-9A1E7A4F7556}") = "Microcharts", "samples\controls\Microcharts\Microcharts.csproj", "{BF454D87-C790-4E9E-8E32-772DF3CA65BF}"
EndProject
Project("{9A19103F-16F7-4668-BE54-9A1E7A4F7556}") = "Microsoft.StandardUI.WinUI", "src\Microsoft.StandardUI.WinUI\Microsoft.StandardUI.WinUI.csproj", "{A078A512-B474-44A7-AA03-AA66DFC85891}"
EndProject
Project("{2150E333-8FDC-42A3-9474-1A3956D46DE8}") = "host-apps", "host-apps", "{63D6491B-37EA-4F36-8B9D-2AD526F74BB8}"
EndProject
Project("{9A19103F-16F7-4668-BE54-9A1E7A4F7556}") = "WpfSamplesHost", "samples\host-apps\WpfSamplesHost\WpfSamplesHost.csproj", "{8E651CB1-4524-4A5B-A47C-C1A51C73C775}"
EndProject
Project("{9A19103F-16F7-4668-BE54-9A1E7A4F7556}") = "SimpleControls", "samples\controls\SimpleControls\SimpleControls.csproj", "{CFF4EEBA-0EA7-49D1-B4F2-17DF640F2174}"
EndProject
Project("{2150E333-8FDC-42A3-9474-1A3956D46DE8}") = "external", "external", "{7A42AC94-2253-4EBF-9A8D-047D903E6A48}"
EndProject
Project("{9A19103F-16F7-4668-BE54-9A1E7A4F7556}") = "Microsoft.ComponentModelEx", "external\component-model-ex\src\Microsoft.ComponentModelEx\Microsoft.ComponentModelEx.csproj", "{A3FD54C6-4006-4B77-9EC7-A809DD54B307}"
EndProject
Global
	GlobalSection(SolutionConfigurationPlatforms) = preSolution
		Debug|Any CPU = Debug|Any CPU
		Debug|arm64 = Debug|arm64
		Debug|x64 = Debug|x64
		Debug|x86 = Debug|x86
		Release|Any CPU = Release|Any CPU
		Release|arm64 = Release|arm64
		Release|x64 = Release|x64
		Release|x86 = Release|x86
	EndGlobalSection
	GlobalSection(ProjectConfigurationPlatforms) = postSolution
		{752F4208-8318-4C57-9868-9921FF743AA9}.Debug|Any CPU.ActiveCfg = Debug|Any CPU
		{752F4208-8318-4C57-9868-9921FF743AA9}.Debug|Any CPU.Build.0 = Debug|Any CPU
		{752F4208-8318-4C57-9868-9921FF743AA9}.Debug|arm64.ActiveCfg = Debug|Any CPU
		{752F4208-8318-4C57-9868-9921FF743AA9}.Debug|arm64.Build.0 = Debug|Any CPU
		{752F4208-8318-4C57-9868-9921FF743AA9}.Debug|x64.ActiveCfg = Debug|Any CPU
		{752F4208-8318-4C57-9868-9921FF743AA9}.Debug|x64.Build.0 = Debug|Any CPU
		{752F4208-8318-4C57-9868-9921FF743AA9}.Debug|x86.ActiveCfg = Debug|Any CPU
		{752F4208-8318-4C57-9868-9921FF743AA9}.Debug|x86.Build.0 = Debug|Any CPU
		{752F4208-8318-4C57-9868-9921FF743AA9}.Release|Any CPU.ActiveCfg = Release|Any CPU
		{752F4208-8318-4C57-9868-9921FF743AA9}.Release|Any CPU.Build.0 = Release|Any CPU
		{752F4208-8318-4C57-9868-9921FF743AA9}.Release|arm64.ActiveCfg = Release|Any CPU
		{752F4208-8318-4C57-9868-9921FF743AA9}.Release|arm64.Build.0 = Release|Any CPU
		{752F4208-8318-4C57-9868-9921FF743AA9}.Release|x64.ActiveCfg = Release|Any CPU
		{752F4208-8318-4C57-9868-9921FF743AA9}.Release|x64.Build.0 = Release|Any CPU
		{752F4208-8318-4C57-9868-9921FF743AA9}.Release|x86.ActiveCfg = Release|Any CPU
		{752F4208-8318-4C57-9868-9921FF743AA9}.Release|x86.Build.0 = Release|Any CPU
		{740943F5-2E99-4ED4-9022-BC14F480C3F8}.Debug|Any CPU.ActiveCfg = Debug|Any CPU
		{740943F5-2E99-4ED4-9022-BC14F480C3F8}.Debug|Any CPU.Build.0 = Debug|Any CPU
		{740943F5-2E99-4ED4-9022-BC14F480C3F8}.Debug|arm64.ActiveCfg = Debug|Any CPU
		{740943F5-2E99-4ED4-9022-BC14F480C3F8}.Debug|arm64.Build.0 = Debug|Any CPU
		{740943F5-2E99-4ED4-9022-BC14F480C3F8}.Debug|x64.ActiveCfg = Debug|Any CPU
		{740943F5-2E99-4ED4-9022-BC14F480C3F8}.Debug|x64.Build.0 = Debug|Any CPU
		{740943F5-2E99-4ED4-9022-BC14F480C3F8}.Debug|x86.ActiveCfg = Debug|Any CPU
		{740943F5-2E99-4ED4-9022-BC14F480C3F8}.Debug|x86.Build.0 = Debug|Any CPU
		{740943F5-2E99-4ED4-9022-BC14F480C3F8}.Release|Any CPU.ActiveCfg = Release|Any CPU
		{740943F5-2E99-4ED4-9022-BC14F480C3F8}.Release|Any CPU.Build.0 = Release|Any CPU
		{740943F5-2E99-4ED4-9022-BC14F480C3F8}.Release|arm64.ActiveCfg = Release|Any CPU
		{740943F5-2E99-4ED4-9022-BC14F480C3F8}.Release|arm64.Build.0 = Release|Any CPU
		{740943F5-2E99-4ED4-9022-BC14F480C3F8}.Release|x64.ActiveCfg = Release|Any CPU
		{740943F5-2E99-4ED4-9022-BC14F480C3F8}.Release|x64.Build.0 = Release|Any CPU
		{740943F5-2E99-4ED4-9022-BC14F480C3F8}.Release|x86.ActiveCfg = Release|Any CPU
		{740943F5-2E99-4ED4-9022-BC14F480C3F8}.Release|x86.Build.0 = Release|Any CPU
		{4C2D11BC-2E5C-4761-BBD1-0038BC8D6613}.Debug|Any CPU.ActiveCfg = Debug|Any CPU
		{4C2D11BC-2E5C-4761-BBD1-0038BC8D6613}.Debug|Any CPU.Build.0 = Debug|Any CPU
		{4C2D11BC-2E5C-4761-BBD1-0038BC8D6613}.Debug|arm64.ActiveCfg = Debug|Any CPU
		{4C2D11BC-2E5C-4761-BBD1-0038BC8D6613}.Debug|arm64.Build.0 = Debug|Any CPU
		{4C2D11BC-2E5C-4761-BBD1-0038BC8D6613}.Debug|x64.ActiveCfg = Debug|Any CPU
		{4C2D11BC-2E5C-4761-BBD1-0038BC8D6613}.Debug|x64.Build.0 = Debug|Any CPU
		{4C2D11BC-2E5C-4761-BBD1-0038BC8D6613}.Debug|x86.ActiveCfg = Debug|Any CPU
		{4C2D11BC-2E5C-4761-BBD1-0038BC8D6613}.Debug|x86.Build.0 = Debug|Any CPU
		{4C2D11BC-2E5C-4761-BBD1-0038BC8D6613}.Release|Any CPU.ActiveCfg = Release|Any CPU
		{4C2D11BC-2E5C-4761-BBD1-0038BC8D6613}.Release|Any CPU.Build.0 = Release|Any CPU
		{4C2D11BC-2E5C-4761-BBD1-0038BC8D6613}.Release|arm64.ActiveCfg = Release|Any CPU
		{4C2D11BC-2E5C-4761-BBD1-0038BC8D6613}.Release|arm64.Build.0 = Release|Any CPU
		{4C2D11BC-2E5C-4761-BBD1-0038BC8D6613}.Release|x64.ActiveCfg = Release|Any CPU
		{4C2D11BC-2E5C-4761-BBD1-0038BC8D6613}.Release|x64.Build.0 = Release|Any CPU
		{4C2D11BC-2E5C-4761-BBD1-0038BC8D6613}.Release|x86.ActiveCfg = Release|Any CPU
		{4C2D11BC-2E5C-4761-BBD1-0038BC8D6613}.Release|x86.Build.0 = Release|Any CPU
		{7B85BF7F-1265-4A34-9865-A371FB3D71F8}.Debug|Any CPU.ActiveCfg = Debug|Any CPU
		{7B85BF7F-1265-4A34-9865-A371FB3D71F8}.Debug|Any CPU.Build.0 = Debug|Any CPU
		{7B85BF7F-1265-4A34-9865-A371FB3D71F8}.Debug|arm64.ActiveCfg = Debug|Any CPU
		{7B85BF7F-1265-4A34-9865-A371FB3D71F8}.Debug|arm64.Build.0 = Debug|Any CPU
		{7B85BF7F-1265-4A34-9865-A371FB3D71F8}.Debug|x64.ActiveCfg = Debug|Any CPU
		{7B85BF7F-1265-4A34-9865-A371FB3D71F8}.Debug|x64.Build.0 = Debug|Any CPU
		{7B85BF7F-1265-4A34-9865-A371FB3D71F8}.Debug|x86.ActiveCfg = Debug|Any CPU
		{7B85BF7F-1265-4A34-9865-A371FB3D71F8}.Debug|x86.Build.0 = Debug|Any CPU
		{7B85BF7F-1265-4A34-9865-A371FB3D71F8}.Release|Any CPU.ActiveCfg = Release|Any CPU
		{7B85BF7F-1265-4A34-9865-A371FB3D71F8}.Release|Any CPU.Build.0 = Release|Any CPU
		{7B85BF7F-1265-4A34-9865-A371FB3D71F8}.Release|arm64.ActiveCfg = Release|Any CPU
		{7B85BF7F-1265-4A34-9865-A371FB3D71F8}.Release|arm64.Build.0 = Release|Any CPU
		{7B85BF7F-1265-4A34-9865-A371FB3D71F8}.Release|x64.ActiveCfg = Release|Any CPU
		{7B85BF7F-1265-4A34-9865-A371FB3D71F8}.Release|x64.Build.0 = Release|Any CPU
		{7B85BF7F-1265-4A34-9865-A371FB3D71F8}.Release|x86.ActiveCfg = Release|Any CPU
		{7B85BF7F-1265-4A34-9865-A371FB3D71F8}.Release|x86.Build.0 = Release|Any CPU
		{26E564DA-4315-44EF-B287-A9B3BC87BF1C}.Debug|Any CPU.ActiveCfg = Debug|Any CPU
		{26E564DA-4315-44EF-B287-A9B3BC87BF1C}.Debug|Any CPU.Build.0 = Debug|Any CPU
		{26E564DA-4315-44EF-B287-A9B3BC87BF1C}.Debug|arm64.ActiveCfg = Debug|Any CPU
		{26E564DA-4315-44EF-B287-A9B3BC87BF1C}.Debug|arm64.Build.0 = Debug|Any CPU
		{26E564DA-4315-44EF-B287-A9B3BC87BF1C}.Debug|x64.ActiveCfg = Debug|Any CPU
		{26E564DA-4315-44EF-B287-A9B3BC87BF1C}.Debug|x64.Build.0 = Debug|Any CPU
		{26E564DA-4315-44EF-B287-A9B3BC87BF1C}.Debug|x86.ActiveCfg = Debug|Any CPU
		{26E564DA-4315-44EF-B287-A9B3BC87BF1C}.Debug|x86.Build.0 = Debug|Any CPU
		{26E564DA-4315-44EF-B287-A9B3BC87BF1C}.Release|Any CPU.ActiveCfg = Release|Any CPU
		{26E564DA-4315-44EF-B287-A9B3BC87BF1C}.Release|Any CPU.Build.0 = Release|Any CPU
		{26E564DA-4315-44EF-B287-A9B3BC87BF1C}.Release|arm64.ActiveCfg = Release|Any CPU
		{26E564DA-4315-44EF-B287-A9B3BC87BF1C}.Release|arm64.Build.0 = Release|Any CPU
		{26E564DA-4315-44EF-B287-A9B3BC87BF1C}.Release|x64.ActiveCfg = Release|Any CPU
		{26E564DA-4315-44EF-B287-A9B3BC87BF1C}.Release|x64.Build.0 = Release|Any CPU
		{26E564DA-4315-44EF-B287-A9B3BC87BF1C}.Release|x86.ActiveCfg = Release|Any CPU
		{26E564DA-4315-44EF-B287-A9B3BC87BF1C}.Release|x86.Build.0 = Release|Any CPU
		{BF454D87-C790-4E9E-8E32-772DF3CA65BF}.Debug|Any CPU.ActiveCfg = Debug|Any CPU
		{BF454D87-C790-4E9E-8E32-772DF3CA65BF}.Debug|Any CPU.Build.0 = Debug|Any CPU
		{BF454D87-C790-4E9E-8E32-772DF3CA65BF}.Debug|arm64.ActiveCfg = Debug|Any CPU
		{BF454D87-C790-4E9E-8E32-772DF3CA65BF}.Debug|x64.ActiveCfg = Debug|Any CPU
		{BF454D87-C790-4E9E-8E32-772DF3CA65BF}.Debug|x86.ActiveCfg = Debug|Any CPU
		{BF454D87-C790-4E9E-8E32-772DF3CA65BF}.Release|Any CPU.ActiveCfg = Release|Any CPU
		{BF454D87-C790-4E9E-8E32-772DF3CA65BF}.Release|Any CPU.Build.0 = Release|Any CPU
		{BF454D87-C790-4E9E-8E32-772DF3CA65BF}.Release|arm64.ActiveCfg = Release|Any CPU
		{BF454D87-C790-4E9E-8E32-772DF3CA65BF}.Release|x64.ActiveCfg = Release|Any CPU
		{BF454D87-C790-4E9E-8E32-772DF3CA65BF}.Release|x86.ActiveCfg = Release|Any CPU
		{A078A512-B474-44A7-AA03-AA66DFC85891}.Debug|Any CPU.ActiveCfg = Debug|Any CPU
		{A078A512-B474-44A7-AA03-AA66DFC85891}.Debug|Any CPU.Build.0 = Debug|Any CPU
		{A078A512-B474-44A7-AA03-AA66DFC85891}.Debug|arm64.ActiveCfg = Debug|Any CPU
		{A078A512-B474-44A7-AA03-AA66DFC85891}.Debug|arm64.Build.0 = Debug|Any CPU
		{A078A512-B474-44A7-AA03-AA66DFC85891}.Debug|x64.ActiveCfg = Debug|Any CPU
		{A078A512-B474-44A7-AA03-AA66DFC85891}.Debug|x64.Build.0 = Debug|Any CPU
		{A078A512-B474-44A7-AA03-AA66DFC85891}.Debug|x86.ActiveCfg = Debug|Any CPU
		{A078A512-B474-44A7-AA03-AA66DFC85891}.Debug|x86.Build.0 = Debug|Any CPU
		{A078A512-B474-44A7-AA03-AA66DFC85891}.Release|Any CPU.ActiveCfg = Release|Any CPU
		{A078A512-B474-44A7-AA03-AA66DFC85891}.Release|Any CPU.Build.0 = Release|Any CPU
		{A078A512-B474-44A7-AA03-AA66DFC85891}.Release|arm64.ActiveCfg = Release|Any CPU
		{A078A512-B474-44A7-AA03-AA66DFC85891}.Release|arm64.Build.0 = Release|Any CPU
		{A078A512-B474-44A7-AA03-AA66DFC85891}.Release|x64.ActiveCfg = Release|Any CPU
		{A078A512-B474-44A7-AA03-AA66DFC85891}.Release|x64.Build.0 = Release|Any CPU
		{A078A512-B474-44A7-AA03-AA66DFC85891}.Release|x86.ActiveCfg = Release|Any CPU
		{A078A512-B474-44A7-AA03-AA66DFC85891}.Release|x86.Build.0 = Release|Any CPU
		{8E651CB1-4524-4A5B-A47C-C1A51C73C775}.Debug|Any CPU.ActiveCfg = Debug|Any CPU
		{8E651CB1-4524-4A5B-A47C-C1A51C73C775}.Debug|Any CPU.Build.0 = Debug|Any CPU
		{8E651CB1-4524-4A5B-A47C-C1A51C73C775}.Debug|arm64.ActiveCfg = Debug|Any CPU
		{8E651CB1-4524-4A5B-A47C-C1A51C73C775}.Debug|arm64.Build.0 = Debug|Any CPU
		{8E651CB1-4524-4A5B-A47C-C1A51C73C775}.Debug|x64.ActiveCfg = Debug|Any CPU
		{8E651CB1-4524-4A5B-A47C-C1A51C73C775}.Debug|x64.Build.0 = Debug|Any CPU
		{8E651CB1-4524-4A5B-A47C-C1A51C73C775}.Debug|x86.ActiveCfg = Debug|Any CPU
		{8E651CB1-4524-4A5B-A47C-C1A51C73C775}.Debug|x86.Build.0 = Debug|Any CPU
		{8E651CB1-4524-4A5B-A47C-C1A51C73C775}.Release|Any CPU.ActiveCfg = Release|Any CPU
		{8E651CB1-4524-4A5B-A47C-C1A51C73C775}.Release|Any CPU.Build.0 = Release|Any CPU
		{8E651CB1-4524-4A5B-A47C-C1A51C73C775}.Release|arm64.ActiveCfg = Release|Any CPU
		{8E651CB1-4524-4A5B-A47C-C1A51C73C775}.Release|arm64.Build.0 = Release|Any CPU
		{8E651CB1-4524-4A5B-A47C-C1A51C73C775}.Release|x64.ActiveCfg = Release|Any CPU
		{8E651CB1-4524-4A5B-A47C-C1A51C73C775}.Release|x64.Build.0 = Release|Any CPU
		{8E651CB1-4524-4A5B-A47C-C1A51C73C775}.Release|x86.ActiveCfg = Release|Any CPU
		{8E651CB1-4524-4A5B-A47C-C1A51C73C775}.Release|x86.Build.0 = Release|Any CPU
		{CFF4EEBA-0EA7-49D1-B4F2-17DF640F2174}.Debug|Any CPU.ActiveCfg = Debug|Any CPU
		{CFF4EEBA-0EA7-49D1-B4F2-17DF640F2174}.Debug|Any CPU.Build.0 = Debug|Any CPU
		{CFF4EEBA-0EA7-49D1-B4F2-17DF640F2174}.Debug|arm64.ActiveCfg = Debug|Any CPU
		{CFF4EEBA-0EA7-49D1-B4F2-17DF640F2174}.Debug|arm64.Build.0 = Debug|Any CPU
		{CFF4EEBA-0EA7-49D1-B4F2-17DF640F2174}.Debug|x64.ActiveCfg = Debug|Any CPU
		{CFF4EEBA-0EA7-49D1-B4F2-17DF640F2174}.Debug|x64.Build.0 = Debug|Any CPU
		{CFF4EEBA-0EA7-49D1-B4F2-17DF640F2174}.Debug|x86.ActiveCfg = Debug|Any CPU
		{CFF4EEBA-0EA7-49D1-B4F2-17DF640F2174}.Debug|x86.Build.0 = Debug|Any CPU
		{CFF4EEBA-0EA7-49D1-B4F2-17DF640F2174}.Release|Any CPU.ActiveCfg = Release|Any CPU
		{CFF4EEBA-0EA7-49D1-B4F2-17DF640F2174}.Release|Any CPU.Build.0 = Release|Any CPU
		{CFF4EEBA-0EA7-49D1-B4F2-17DF640F2174}.Release|arm64.ActiveCfg = Release|Any CPU
		{CFF4EEBA-0EA7-49D1-B4F2-17DF640F2174}.Release|arm64.Build.0 = Release|Any CPU
		{CFF4EEBA-0EA7-49D1-B4F2-17DF640F2174}.Release|x64.ActiveCfg = Release|Any CPU
		{CFF4EEBA-0EA7-49D1-B4F2-17DF640F2174}.Release|x64.Build.0 = Release|Any CPU
		{CFF4EEBA-0EA7-49D1-B4F2-17DF640F2174}.Release|x86.ActiveCfg = Release|Any CPU
		{CFF4EEBA-0EA7-49D1-B4F2-17DF640F2174}.Release|x86.Build.0 = Release|Any CPU
		{A3FD54C6-4006-4B77-9EC7-A809DD54B307}.Debug|Any CPU.ActiveCfg = Debug|Any CPU
		{A3FD54C6-4006-4B77-9EC7-A809DD54B307}.Debug|Any CPU.Build.0 = Debug|Any CPU
		{A3FD54C6-4006-4B77-9EC7-A809DD54B307}.Debug|arm64.ActiveCfg = Debug|Any CPU
		{A3FD54C6-4006-4B77-9EC7-A809DD54B307}.Debug|arm64.Build.0 = Debug|Any CPU
		{A3FD54C6-4006-4B77-9EC7-A809DD54B307}.Debug|x64.ActiveCfg = Debug|Any CPU
		{A3FD54C6-4006-4B77-9EC7-A809DD54B307}.Debug|x64.Build.0 = Debug|Any CPU
		{A3FD54C6-4006-4B77-9EC7-A809DD54B307}.Debug|x86.ActiveCfg = Debug|Any CPU
		{A3FD54C6-4006-4B77-9EC7-A809DD54B307}.Debug|x86.Build.0 = Debug|Any CPU
		{A3FD54C6-4006-4B77-9EC7-A809DD54B307}.Release|Any CPU.ActiveCfg = Release|Any CPU
		{A3FD54C6-4006-4B77-9EC7-A809DD54B307}.Release|Any CPU.Build.0 = Release|Any CPU
		{A3FD54C6-4006-4B77-9EC7-A809DD54B307}.Release|arm64.ActiveCfg = Release|Any CPU
		{A3FD54C6-4006-4B77-9EC7-A809DD54B307}.Release|arm64.Build.0 = Release|Any CPU
		{A3FD54C6-4006-4B77-9EC7-A809DD54B307}.Release|x64.ActiveCfg = Release|Any CPU
		{A3FD54C6-4006-4B77-9EC7-A809DD54B307}.Release|x64.Build.0 = Release|Any CPU
		{A3FD54C6-4006-4B77-9EC7-A809DD54B307}.Release|x86.ActiveCfg = Release|Any CPU
		{A3FD54C6-4006-4B77-9EC7-A809DD54B307}.Release|x86.Build.0 = Release|Any CPU
	EndGlobalSection
	GlobalSection(SolutionProperties) = preSolution
		HideSolutionNode = FALSE
	EndGlobalSection
	GlobalSection(NestedProjects) = preSolution
		{9FA8F699-79F5-48DB-A2D9-717CE875C5F0} = {9B71283D-A4A6-480E-9A9B-AD446F08CCC5}
		{BF454D87-C790-4E9E-8E32-772DF3CA65BF} = {9FA8F699-79F5-48DB-A2D9-717CE875C5F0}
		{63D6491B-37EA-4F36-8B9D-2AD526F74BB8} = {9B71283D-A4A6-480E-9A9B-AD446F08CCC5}
		{8E651CB1-4524-4A5B-A47C-C1A51C73C775} = {63D6491B-37EA-4F36-8B9D-2AD526F74BB8}
		{CFF4EEBA-0EA7-49D1-B4F2-17DF640F2174} = {9FA8F699-79F5-48DB-A2D9-717CE875C5F0}
		{A3FD54C6-4006-4B77-9EC7-A809DD54B307} = {7A42AC94-2253-4EBF-9A8D-047D903E6A48}
	EndGlobalSection
	GlobalSection(ExtensibilityGlobals) = postSolution
		SolutionGuid = {5981247F-FDA6-460F-8B83-6AFBEE114226}
	EndGlobalSection
EndGlobal
