
Microsoft Visual Studio Solution File, Format Version 12.00
# Visual Studio Version 17
VisualStudioVersion = 17.0.31813.321
MinimumVisualStudioVersion = 10.0.40219.1
Project("{9A19103F-16F7-4668-BE54-9A1E7A4F7556}") = "StandardUI", "src\StandardUI\StandardUI.csproj", "{752F4208-8318-4C57-9868-9921FF743AA9}"
EndProject
Project("{9A19103F-16F7-4668-BE54-9A1E7A4F7556}") = "StandardUI.CommandLineSourceGenerator", "src\StandardUI.CommandLineSourceGenerator\StandardUI.CommandLineSourceGenerator.csproj", "{740943F5-2E99-4ED4-9022-BC14F480C3F8}"
EndProject
Project("{9A19103F-16F7-4668-BE54-9A1E7A4F7556}") = "StandardUI.Wpf", "src\StandardUI.WPF\StandardUI.Wpf.csproj", "{4C2D11BC-2E5C-4761-BBD1-0038BC8D6613}"
EndProject
Project("{2150E333-8FDC-42A3-9474-1A3956D46DE8}") = "samples", "samples", "{9B71283D-A4A6-480E-9A9B-AD446F08CCC5}"
EndProject
Project("{9A19103F-16F7-4668-BE54-9A1E7A4F7556}") = "StandardUI.VisualEnvironment.Skia", "src\StandardUI.VisualEnvironment.Skia\StandardUI.VisualEnvironment.Skia.csproj", "{7B85BF7F-1265-4A34-9865-A371FB3D71F8}"
EndProject
Project("{9A19103F-16F7-4668-BE54-9A1E7A4F7556}") = "SimpleControls", "samples\SimpleControls\SimpleControls.csproj", "{2A1EDFC0-2865-4DC8-A232-6D2CCB7FA7E2}"
EndProject
Project("{9A19103F-16F7-4668-BE54-9A1E7A4F7556}") = "StandardUI.SourceGenerator", "src\StandardUI.SourceGenerator\StandardUI.SourceGenerator.csproj", "{26E564DA-4315-44EF-B287-A9B3BC87BF1C}"
EndProject
Project("{9A19103F-16F7-4668-BE54-9A1E7A4F7556}") = "StandardUI.WinForms", "src\StandardUI.WinForms\StandardUI.WinForms.csproj", "{3ED4644C-CA4F-4886-BC65-50713AB0B547}"
EndProject
Project("{2150E333-8FDC-42A3-9474-1A3956D46DE8}") = "controls", "controls", "{9FA8F699-79F5-48DB-A2D9-717CE875C5F0}"
EndProject
Project("{9A19103F-16F7-4668-BE54-9A1E7A4F7556}") = "Microcharts", "samples\controls\Microcharts\Microcharts.csproj", "{BF454D87-C790-4E9E-8E32-772DF3CA65BF}"
EndProject
Project("{9A19103F-16F7-4668-BE54-9A1E7A4F7556}") = "StandardUI.WinUI", "src\StandardUI.WinUI\StandardUI.WinUI.csproj", "{A078A512-B474-44A7-AA03-AA66DFC85891}"
EndProject
Project("{2150E333-8FDC-42A3-9474-1A3956D46DE8}") = "host-apps", "host-apps", "{63D6491B-37EA-4F36-8B9D-2AD526F74BB8}"
EndProject
Project("{9A19103F-16F7-4668-BE54-9A1E7A4F7556}") = "WpfSamplesHost", "samples\host-apps\WpfSamplesHost\WpfSamplesHost.csproj", "{8E651CB1-4524-4A5B-A47C-C1A51C73C775}"
EndProject
Project("{9A19103F-16F7-4668-BE54-9A1E7A4F7556}") = "WinUISamplesHost", "samples\host-apps\WinUISamplesHost\WinUISamplesHost.csproj", "{07126363-8A68-433A-8CE0-E630DBF6A251}"
EndProject
Project("{FAE04EC0-301F-11D3-BF4B-00C04F79EFBC}") = "Microsoft.TypeEnhancer", "..\type-enhancer\src\TypeEnhancer\Microsoft.TypeEnhancer\Microsoft.TypeEnhancer.csproj", "{C4BED6AF-56AD-4CD3-98B2-95EAFE0A0A32}"
EndProject
Global
	GlobalSection(SolutionConfigurationPlatforms) = preSolution
		Debug|Any CPU = Debug|Any CPU
		Debug|arm64 = Debug|arm64
		Debug|x64 = Debug|x64
		Debug|x86 = Debug|x86
		Release|Any CPU = Release|Any CPU
		Release|arm64 = Release|arm64
		Release|x64 = Release|x64
		Release|x86 = Release|x86
	EndGlobalSection
	GlobalSection(ProjectConfigurationPlatforms) = postSolution
		{752F4208-8318-4C57-9868-9921FF743AA9}.Debug|Any CPU.ActiveCfg = Debug|Any CPU
		{752F4208-8318-4C57-9868-9921FF743AA9}.Debug|Any CPU.Build.0 = Debug|Any CPU
		{752F4208-8318-4C57-9868-9921FF743AA9}.Debug|arm64.ActiveCfg = Debug|Any CPU
		{752F4208-8318-4C57-9868-9921FF743AA9}.Debug|arm64.Build.0 = Debug|Any CPU
		{752F4208-8318-4C57-9868-9921FF743AA9}.Debug|x64.ActiveCfg = Debug|Any CPU
		{752F4208-8318-4C57-9868-9921FF743AA9}.Debug|x64.Build.0 = Debug|Any CPU
		{752F4208-8318-4C57-9868-9921FF743AA9}.Debug|x86.ActiveCfg = Debug|Any CPU
		{752F4208-8318-4C57-9868-9921FF743AA9}.Debug|x86.Build.0 = Debug|Any CPU
		{752F4208-8318-4C57-9868-9921FF743AA9}.Release|Any CPU.ActiveCfg = Release|Any CPU
		{752F4208-8318-4C57-9868-9921FF743AA9}.Release|Any CPU.Build.0 = Release|Any CPU
		{752F4208-8318-4C57-9868-9921FF743AA9}.Release|arm64.ActiveCfg = Release|Any CPU
		{752F4208-8318-4C57-9868-9921FF743AA9}.Release|arm64.Build.0 = Release|Any CPU
		{752F4208-8318-4C57-9868-9921FF743AA9}.Release|x64.ActiveCfg = Release|Any CPU
		{752F4208-8318-4C57-9868-9921FF743AA9}.Release|x64.Build.0 = Release|Any CPU
		{752F4208-8318-4C57-9868-9921FF743AA9}.Release|x86.ActiveCfg = Release|Any CPU
		{752F4208-8318-4C57-9868-9921FF743AA9}.Release|x86.Build.0 = Release|Any CPU
		{740943F5-2E99-4ED4-9022-BC14F480C3F8}.Debug|Any CPU.ActiveCfg = Debug|Any CPU
		{740943F5-2E99-4ED4-9022-BC14F480C3F8}.Debug|Any CPU.Build.0 = Debug|Any CPU
		{740943F5-2E99-4ED4-9022-BC14F480C3F8}.Debug|arm64.ActiveCfg = Debug|Any CPU
		{740943F5-2E99-4ED4-9022-BC14F480C3F8}.Debug|arm64.Build.0 = Debug|Any CPU
		{740943F5-2E99-4ED4-9022-BC14F480C3F8}.Debug|x64.ActiveCfg = Debug|Any CPU
		{740943F5-2E99-4ED4-9022-BC14F480C3F8}.Debug|x64.Build.0 = Debug|Any CPU
		{740943F5-2E99-4ED4-9022-BC14F480C3F8}.Debug|x86.ActiveCfg = Debug|Any CPU
		{740943F5-2E99-4ED4-9022-BC14F480C3F8}.Debug|x86.Build.0 = Debug|Any CPU
		{740943F5-2E99-4ED4-9022-BC14F480C3F8}.Release|Any CPU.ActiveCfg = Release|Any CPU
		{740943F5-2E99-4ED4-9022-BC14F480C3F8}.Release|Any CPU.Build.0 = Release|Any CPU
		{740943F5-2E99-4ED4-9022-BC14F480C3F8}.Release|arm64.ActiveCfg = Release|Any CPU
		{740943F5-2E99-4ED4-9022-BC14F480C3F8}.Release|arm64.Build.0 = Release|Any CPU
		{740943F5-2E99-4ED4-9022-BC14F480C3F8}.Release|x64.ActiveCfg = Release|Any CPU
		{740943F5-2E99-4ED4-9022-BC14F480C3F8}.Release|x64.Build.0 = Release|Any CPU
		{740943F5-2E99-4ED4-9022-BC14F480C3F8}.Release|x86.ActiveCfg = Release|Any CPU
		{740943F5-2E99-4ED4-9022-BC14F480C3F8}.Release|x86.Build.0 = Release|Any CPU
		{4C2D11BC-2E5C-4761-BBD1-0038BC8D6613}.Debug|Any CPU.ActiveCfg = Debug|Any CPU
		{4C2D11BC-2E5C-4761-BBD1-0038BC8D6613}.Debug|Any CPU.Build.0 = Debug|Any CPU
		{4C2D11BC-2E5C-4761-BBD1-0038BC8D6613}.Debug|arm64.ActiveCfg = Debug|Any CPU
		{4C2D11BC-2E5C-4761-BBD1-0038BC8D6613}.Debug|arm64.Build.0 = Debug|Any CPU
		{4C2D11BC-2E5C-4761-BBD1-0038BC8D6613}.Debug|x64.ActiveCfg = Debug|Any CPU
		{4C2D11BC-2E5C-4761-BBD1-0038BC8D6613}.Debug|x64.Build.0 = Debug|Any CPU
		{4C2D11BC-2E5C-4761-BBD1-0038BC8D6613}.Debug|x86.ActiveCfg = Debug|Any CPU
		{4C2D11BC-2E5C-4761-BBD1-0038BC8D6613}.Debug|x86.Build.0 = Debug|Any CPU
		{4C2D11BC-2E5C-4761-BBD1-0038BC8D6613}.Release|Any CPU.ActiveCfg = Release|Any CPU
		{4C2D11BC-2E5C-4761-BBD1-0038BC8D6613}.Release|Any CPU.Build.0 = Release|Any CPU
		{4C2D11BC-2E5C-4761-BBD1-0038BC8D6613}.Release|arm64.ActiveCfg = Release|Any CPU
		{4C2D11BC-2E5C-4761-BBD1-0038BC8D6613}.Release|arm64.Build.0 = Release|Any CPU
		{4C2D11BC-2E5C-4761-BBD1-0038BC8D6613}.Release|x64.ActiveCfg = Release|Any CPU
		{4C2D11BC-2E5C-4761-BBD1-0038BC8D6613}.Release|x64.Build.0 = Release|Any CPU
		{4C2D11BC-2E5C-4761-BBD1-0038BC8D6613}.Release|x86.ActiveCfg = Release|Any CPU
		{4C2D11BC-2E5C-4761-BBD1-0038BC8D6613}.Release|x86.Build.0 = Release|Any CPU
		{7B85BF7F-1265-4A34-9865-A371FB3D71F8}.Debug|Any CPU.ActiveCfg = Debug|Any CPU
		{7B85BF7F-1265-4A34-9865-A371FB3D71F8}.Debug|Any CPU.Build.0 = Debug|Any CPU
		{7B85BF7F-1265-4A34-9865-A371FB3D71F8}.Debug|arm64.ActiveCfg = Debug|Any CPU
		{7B85BF7F-1265-4A34-9865-A371FB3D71F8}.Debug|arm64.Build.0 = Debug|Any CPU
		{7B85BF7F-1265-4A34-9865-A371FB3D71F8}.Debug|x64.ActiveCfg = Debug|Any CPU
		{7B85BF7F-1265-4A34-9865-A371FB3D71F8}.Debug|x64.Build.0 = Debug|Any CPU
		{7B85BF7F-1265-4A34-9865-A371FB3D71F8}.Debug|x86.ActiveCfg = Debug|Any CPU
		{7B85BF7F-1265-4A34-9865-A371FB3D71F8}.Debug|x86.Build.0 = Debug|Any CPU
		{7B85BF7F-1265-4A34-9865-A371FB3D71F8}.Release|Any CPU.ActiveCfg = Release|Any CPU
		{7B85BF7F-1265-4A34-9865-A371FB3D71F8}.Release|Any CPU.Build.0 = Release|Any CPU
		{7B85BF7F-1265-4A34-9865-A371FB3D71F8}.Release|arm64.ActiveCfg = Release|Any CPU
		{7B85BF7F-1265-4A34-9865-A371FB3D71F8}.Release|arm64.Build.0 = Release|Any CPU
		{7B85BF7F-1265-4A34-9865-A371FB3D71F8}.Release|x64.ActiveCfg = Release|Any CPU
		{7B85BF7F-1265-4A34-9865-A371FB3D71F8}.Release|x64.Build.0 = Release|Any CPU
		{7B85BF7F-1265-4A34-9865-A371FB3D71F8}.Release|x86.ActiveCfg = Release|Any CPU
		{7B85BF7F-1265-4A34-9865-A371FB3D71F8}.Release|x86.Build.0 = Release|Any CPU
		{2A1EDFC0-2865-4DC8-A232-6D2CCB7FA7E2}.Debug|Any CPU.ActiveCfg = Debug|Any CPU
		{2A1EDFC0-2865-4DC8-A232-6D2CCB7FA7E2}.Debug|Any CPU.Build.0 = Debug|Any CPU
		{2A1EDFC0-2865-4DC8-A232-6D2CCB7FA7E2}.Debug|arm64.ActiveCfg = Debug|Any CPU
		{2A1EDFC0-2865-4DC8-A232-6D2CCB7FA7E2}.Debug|arm64.Build.0 = Debug|Any CPU
		{2A1EDFC0-2865-4DC8-A232-6D2CCB7FA7E2}.Debug|x64.ActiveCfg = Debug|Any CPU
		{2A1EDFC0-2865-4DC8-A232-6D2CCB7FA7E2}.Debug|x64.Build.0 = Debug|Any CPU
		{2A1EDFC0-2865-4DC8-A232-6D2CCB7FA7E2}.Debug|x86.ActiveCfg = Debug|Any CPU
		{2A1EDFC0-2865-4DC8-A232-6D2CCB7FA7E2}.Debug|x86.Build.0 = Debug|Any CPU
		{2A1EDFC0-2865-4DC8-A232-6D2CCB7FA7E2}.Release|Any CPU.ActiveCfg = Release|Any CPU
		{2A1EDFC0-2865-4DC8-A232-6D2CCB7FA7E2}.Release|Any CPU.Build.0 = Release|Any CPU
		{2A1EDFC0-2865-4DC8-A232-6D2CCB7FA7E2}.Release|arm64.ActiveCfg = Release|Any CPU
		{2A1EDFC0-2865-4DC8-A232-6D2CCB7FA7E2}.Release|arm64.Build.0 = Release|Any CPU
		{2A1EDFC0-2865-4DC8-A232-6D2CCB7FA7E2}.Release|x64.ActiveCfg = Release|Any CPU
		{2A1EDFC0-2865-4DC8-A232-6D2CCB7FA7E2}.Release|x64.Build.0 = Release|Any CPU
		{2A1EDFC0-2865-4DC8-A232-6D2CCB7FA7E2}.Release|x86.ActiveCfg = Release|Any CPU
		{2A1EDFC0-2865-4DC8-A232-6D2CCB7FA7E2}.Release|x86.Build.0 = Release|Any CPU
		{26E564DA-4315-44EF-B287-A9B3BC87BF1C}.Debug|Any CPU.ActiveCfg = Debug|Any CPU
		{26E564DA-4315-44EF-B287-A9B3BC87BF1C}.Debug|Any CPU.Build.0 = Debug|Any CPU
		{26E564DA-4315-44EF-B287-A9B3BC87BF1C}.Debug|arm64.ActiveCfg = Debug|Any CPU
		{26E564DA-4315-44EF-B287-A9B3BC87BF1C}.Debug|arm64.Build.0 = Debug|Any CPU
		{26E564DA-4315-44EF-B287-A9B3BC87BF1C}.Debug|x64.ActiveCfg = Debug|Any CPU
		{26E564DA-4315-44EF-B287-A9B3BC87BF1C}.Debug|x64.Build.0 = Debug|Any CPU
		{26E564DA-4315-44EF-B287-A9B3BC87BF1C}.Debug|x86.ActiveCfg = Debug|Any CPU
		{26E564DA-4315-44EF-B287-A9B3BC87BF1C}.Debug|x86.Build.0 = Debug|Any CPU
		{26E564DA-4315-44EF-B287-A9B3BC87BF1C}.Release|Any CPU.ActiveCfg = Release|Any CPU
		{26E564DA-4315-44EF-B287-A9B3BC87BF1C}.Release|Any CPU.Build.0 = Release|Any CPU
		{26E564DA-4315-44EF-B287-A9B3BC87BF1C}.Release|arm64.ActiveCfg = Release|Any CPU
		{26E564DA-4315-44EF-B287-A9B3BC87BF1C}.Release|arm64.Build.0 = Release|Any CPU
		{26E564DA-4315-44EF-B287-A9B3BC87BF1C}.Release|x64.ActiveCfg = Release|Any CPU
		{26E564DA-4315-44EF-B287-A9B3BC87BF1C}.Release|x64.Build.0 = Release|Any CPU
		{26E564DA-4315-44EF-B287-A9B3BC87BF1C}.Release|x86.ActiveCfg = Release|Any CPU
		{26E564DA-4315-44EF-B287-A9B3BC87BF1C}.Release|x86.Build.0 = Release|Any CPU
		{3ED4644C-CA4F-4886-BC65-50713AB0B547}.Debug|Any CPU.ActiveCfg = Debug|Any CPU
		{3ED4644C-CA4F-4886-BC65-50713AB0B547}.Debug|Any CPU.Build.0 = Debug|Any CPU
		{3ED4644C-CA4F-4886-BC65-50713AB0B547}.Debug|arm64.ActiveCfg = Debug|Any CPU
		{3ED4644C-CA4F-4886-BC65-50713AB0B547}.Debug|arm64.Build.0 = Debug|Any CPU
		{3ED4644C-CA4F-4886-BC65-50713AB0B547}.Debug|x64.ActiveCfg = Debug|Any CPU
		{3ED4644C-CA4F-4886-BC65-50713AB0B547}.Debug|x64.Build.0 = Debug|Any CPU
		{3ED4644C-CA4F-4886-BC65-50713AB0B547}.Debug|x86.ActiveCfg = Debug|Any CPU
		{3ED4644C-CA4F-4886-BC65-50713AB0B547}.Debug|x86.Build.0 = Debug|Any CPU
		{3ED4644C-CA4F-4886-BC65-50713AB0B547}.Release|Any CPU.ActiveCfg = Release|Any CPU
		{3ED4644C-CA4F-4886-BC65-50713AB0B547}.Release|Any CPU.Build.0 = Release|Any CPU
		{3ED4644C-CA4F-4886-BC65-50713AB0B547}.Release|arm64.ActiveCfg = Release|Any CPU
		{3ED4644C-CA4F-4886-BC65-50713AB0B547}.Release|arm64.Build.0 = Release|Any CPU
		{3ED4644C-CA4F-4886-BC65-50713AB0B547}.Release|x64.ActiveCfg = Release|Any CPU
		{3ED4644C-CA4F-4886-BC65-50713AB0B547}.Release|x64.Build.0 = Release|Any CPU
		{3ED4644C-CA4F-4886-BC65-50713AB0B547}.Release|x86.ActiveCfg = Release|Any CPU
		{3ED4644C-CA4F-4886-BC65-50713AB0B547}.Release|x86.Build.0 = Release|Any CPU
		{BF454D87-C790-4E9E-8E32-772DF3CA65BF}.Debug|Any CPU.ActiveCfg = Debug|Any CPU
		{BF454D87-C790-4E9E-8E32-772DF3CA65BF}.Debug|Any CPU.Build.0 = Debug|Any CPU
		{BF454D87-C790-4E9E-8E32-772DF3CA65BF}.Debug|arm64.ActiveCfg = Debug|Any CPU
		{BF454D87-C790-4E9E-8E32-772DF3CA65BF}.Debug|x64.ActiveCfg = Debug|Any CPU
		{BF454D87-C790-4E9E-8E32-772DF3CA65BF}.Debug|x86.ActiveCfg = Debug|Any CPU
		{BF454D87-C790-4E9E-8E32-772DF3CA65BF}.Release|Any CPU.ActiveCfg = Release|Any CPU
		{BF454D87-C790-4E9E-8E32-772DF3CA65BF}.Release|Any CPU.Build.0 = Release|Any CPU
		{BF454D87-C790-4E9E-8E32-772DF3CA65BF}.Release|arm64.ActiveCfg = Release|Any CPU
		{BF454D87-C790-4E9E-8E32-772DF3CA65BF}.Release|x64.ActiveCfg = Release|Any CPU
		{BF454D87-C790-4E9E-8E32-772DF3CA65BF}.Release|x86.ActiveCfg = Release|Any CPU
		{A078A512-B474-44A7-AA03-AA66DFC85891}.Debug|Any CPU.ActiveCfg = Debug|Any CPU
		{A078A512-B474-44A7-AA03-AA66DFC85891}.Debug|Any CPU.Build.0 = Debug|Any CPU
		{A078A512-B474-44A7-AA03-AA66DFC85891}.Debug|arm64.ActiveCfg = Debug|Any CPU
		{A078A512-B474-44A7-AA03-AA66DFC85891}.Debug|arm64.Build.0 = Debug|Any CPU
		{A078A512-B474-44A7-AA03-AA66DFC85891}.Debug|x64.ActiveCfg = Debug|Any CPU
		{A078A512-B474-44A7-AA03-AA66DFC85891}.Debug|x64.Build.0 = Debug|Any CPU
		{A078A512-B474-44A7-AA03-AA66DFC85891}.Debug|x86.ActiveCfg = Debug|Any CPU
		{A078A512-B474-44A7-AA03-AA66DFC85891}.Debug|x86.Build.0 = Debug|Any CPU
		{A078A512-B474-44A7-AA03-AA66DFC85891}.Release|Any CPU.ActiveCfg = Release|Any CPU
		{A078A512-B474-44A7-AA03-AA66DFC85891}.Release|Any CPU.Build.0 = Release|Any CPU
		{A078A512-B474-44A7-AA03-AA66DFC85891}.Release|arm64.ActiveCfg = Release|Any CPU
		{A078A512-B474-44A7-AA03-AA66DFC85891}.Release|arm64.Build.0 = Release|Any CPU
		{A078A512-B474-44A7-AA03-AA66DFC85891}.Release|x64.ActiveCfg = Release|Any CPU
		{A078A512-B474-44A7-AA03-AA66DFC85891}.Release|x64.Build.0 = Release|Any CPU
		{A078A512-B474-44A7-AA03-AA66DFC85891}.Release|x86.ActiveCfg = Release|Any CPU
		{A078A512-B474-44A7-AA03-AA66DFC85891}.Release|x86.Build.0 = Release|Any CPU
		{8E651CB1-4524-4A5B-A47C-C1A51C73C775}.Debug|Any CPU.ActiveCfg = Debug|Any CPU
		{8E651CB1-4524-4A5B-A47C-C1A51C73C775}.Debug|Any CPU.Build.0 = Debug|Any CPU
		{8E651CB1-4524-4A5B-A47C-C1A51C73C775}.Debug|arm64.ActiveCfg = Debug|Any CPU
		{8E651CB1-4524-4A5B-A47C-C1A51C73C775}.Debug|arm64.Build.0 = Debug|Any CPU
		{8E651CB1-4524-4A5B-A47C-C1A51C73C775}.Debug|x64.ActiveCfg = Debug|Any CPU
		{8E651CB1-4524-4A5B-A47C-C1A51C73C775}.Debug|x64.Build.0 = Debug|Any CPU
		{8E651CB1-4524-4A5B-A47C-C1A51C73C775}.Debug|x86.ActiveCfg = Debug|Any CPU
		{8E651CB1-4524-4A5B-A47C-C1A51C73C775}.Debug|x86.Build.0 = Debug|Any CPU
		{8E651CB1-4524-4A5B-A47C-C1A51C73C775}.Release|Any CPU.ActiveCfg = Release|Any CPU
		{8E651CB1-4524-4A5B-A47C-C1A51C73C775}.Release|Any CPU.Build.0 = Release|Any CPU
		{8E651CB1-4524-4A5B-A47C-C1A51C73C775}.Release|arm64.ActiveCfg = Release|Any CPU
		{8E651CB1-4524-4A5B-A47C-C1A51C73C775}.Release|arm64.Build.0 = Release|Any CPU
		{8E651CB1-4524-4A5B-A47C-C1A51C73C775}.Release|x64.ActiveCfg = Release|Any CPU
		{8E651CB1-4524-4A5B-A47C-C1A51C73C775}.Release|x64.Build.0 = Release|Any CPU
		{8E651CB1-4524-4A5B-A47C-C1A51C73C775}.Release|x86.ActiveCfg = Release|Any CPU
		{8E651CB1-4524-4A5B-A47C-C1A51C73C775}.Release|x86.Build.0 = Release|Any CPU
		{07126363-8A68-433A-8CE0-E630DBF6A251}.Debug|Any CPU.ActiveCfg = Debug|x64
		{07126363-8A68-433A-8CE0-E630DBF6A251}.Debug|Any CPU.Build.0 = Debug|x64
		{07126363-8A68-433A-8CE0-E630DBF6A251}.Debug|Any CPU.Deploy.0 = Debug|x64
		{07126363-8A68-433A-8CE0-E630DBF6A251}.Debug|arm64.ActiveCfg = Debug|arm64
		{07126363-8A68-433A-8CE0-E630DBF6A251}.Debug|arm64.Build.0 = Debug|arm64
		{07126363-8A68-433A-8CE0-E630DBF6A251}.Debug|arm64.Deploy.0 = Debug|arm64
		{07126363-8A68-433A-8CE0-E630DBF6A251}.Debug|x64.ActiveCfg = Debug|x64
		{07126363-8A68-433A-8CE0-E630DBF6A251}.Debug|x64.Build.0 = Debug|x64
		{07126363-8A68-433A-8CE0-E630DBF6A251}.Debug|x64.Deploy.0 = Debug|x64
		{07126363-8A68-433A-8CE0-E630DBF6A251}.Debug|x86.ActiveCfg = Debug|x86
		{07126363-8A68-433A-8CE0-E630DBF6A251}.Debug|x86.Build.0 = Debug|x86
		{07126363-8A68-433A-8CE0-E630DBF6A251}.Debug|x86.Deploy.0 = Debug|x86
		{07126363-8A68-433A-8CE0-E630DBF6A251}.Release|Any CPU.ActiveCfg = Release|x64
		{07126363-8A68-433A-8CE0-E630DBF6A251}.Release|Any CPU.Build.0 = Release|x64
		{07126363-8A68-433A-8CE0-E630DBF6A251}.Release|Any CPU.Deploy.0 = Release|x64
		{07126363-8A68-433A-8CE0-E630DBF6A251}.Release|arm64.ActiveCfg = Release|arm64
		{07126363-8A68-433A-8CE0-E630DBF6A251}.Release|arm64.Build.0 = Release|arm64
		{07126363-8A68-433A-8CE0-E630DBF6A251}.Release|arm64.Deploy.0 = Release|arm64
		{07126363-8A68-433A-8CE0-E630DBF6A251}.Release|x64.ActiveCfg = Release|x64
		{07126363-8A68-433A-8CE0-E630DBF6A251}.Release|x64.Build.0 = Release|x64
		{07126363-8A68-433A-8CE0-E630DBF6A251}.Release|x64.Deploy.0 = Release|x64
		{07126363-8A68-433A-8CE0-E630DBF6A251}.Release|x86.ActiveCfg = Release|x86
		{07126363-8A68-433A-8CE0-E630DBF6A251}.Release|x86.Build.0 = Release|x86
		{07126363-8A68-433A-8CE0-E630DBF6A251}.Release|x86.Deploy.0 = Release|x86
		{C4BED6AF-56AD-4CD3-98B2-95EAFE0A0A32}.Debug|Any CPU.ActiveCfg = Debug|Any CPU
		{C4BED6AF-56AD-4CD3-98B2-95EAFE0A0A32}.Debug|Any CPU.Build.0 = Debug|Any CPU
		{C4BED6AF-56AD-4CD3-98B2-95EAFE0A0A32}.Debug|arm64.ActiveCfg = Debug|Any CPU
		{C4BED6AF-56AD-4CD3-98B2-95EAFE0A0A32}.Debug|arm64.Build.0 = Debug|Any CPU
		{C4BED6AF-56AD-4CD3-98B2-95EAFE0A0A32}.Debug|x64.ActiveCfg = Debug|Any CPU
		{C4BED6AF-56AD-4CD3-98B2-95EAFE0A0A32}.Debug|x64.Build.0 = Debug|Any CPU
		{C4BED6AF-56AD-4CD3-98B2-95EAFE0A0A32}.Debug|x86.ActiveCfg = Debug|Any CPU
		{C4BED6AF-56AD-4CD3-98B2-95EAFE0A0A32}.Debug|x86.Build.0 = Debug|Any CPU
		{C4BED6AF-56AD-4CD3-98B2-95EAFE0A0A32}.Release|Any CPU.ActiveCfg = Release|Any CPU
		{C4BED6AF-56AD-4CD3-98B2-95EAFE0A0A32}.Release|Any CPU.Build.0 = Release|Any CPU
		{C4BED6AF-56AD-4CD3-98B2-95EAFE0A0A32}.Release|arm64.ActiveCfg = Release|Any CPU
		{C4BED6AF-56AD-4CD3-98B2-95EAFE0A0A32}.Release|arm64.Build.0 = Release|Any CPU
		{C4BED6AF-56AD-4CD3-98B2-95EAFE0A0A32}.Release|x64.ActiveCfg = Release|Any CPU
		{C4BED6AF-56AD-4CD3-98B2-95EAFE0A0A32}.Release|x64.Build.0 = Release|Any CPU
		{C4BED6AF-56AD-4CD3-98B2-95EAFE0A0A32}.Release|x86.ActiveCfg = Release|Any CPU
		{C4BED6AF-56AD-4CD3-98B2-95EAFE0A0A32}.Release|x86.Build.0 = Release|Any CPU
	EndGlobalSection
	GlobalSection(SolutionProperties) = preSolution
		HideSolutionNode = FALSE
	EndGlobalSection
	GlobalSection(NestedProjects) = preSolution
		{2A1EDFC0-2865-4DC8-A232-6D2CCB7FA7E2} = {9B71283D-A4A6-480E-9A9B-AD446F08CCC5}
		{9FA8F699-79F5-48DB-A2D9-717CE875C5F0} = {9B71283D-A4A6-480E-9A9B-AD446F08CCC5}
		{BF454D87-C790-4E9E-8E32-772DF3CA65BF} = {9FA8F699-79F5-48DB-A2D9-717CE875C5F0}
		{63D6491B-37EA-4F36-8B9D-2AD526F74BB8} = {9B71283D-A4A6-480E-9A9B-AD446F08CCC5}
		{8E651CB1-4524-4A5B-A47C-C1A51C73C775} = {63D6491B-37EA-4F36-8B9D-2AD526F74BB8}
		{07126363-8A68-433A-8CE0-E630DBF6A251} = {63D6491B-37EA-4F36-8B9D-2AD526F74BB8}
	EndGlobalSection
	GlobalSection(ExtensibilityGlobals) = postSolution
		SolutionGuid = {5981247F-FDA6-460F-8B83-6AFBEE114226}
	EndGlobalSection
EndGlobal
